
Microsoft Visual Studio Solution File, Format Version 12.00
Project("{FAE04EC0-301F-11D3-BF4B-00C04F79EFBC}") = "kolokwium1", "kolokwium1\kolokwium1.csproj", "{F012F83F-B7AC-4AE6-B551-8D3C84E00073}"
EndProject
Global
	GlobalSection(SolutionConfigurationPlatforms) = preSolution
		Debug|Any CPU = Debug|Any CPU
		Release|Any CPU = Release|Any CPU
	EndGlobalSection
	GlobalSection(ProjectConfigurationPlatforms) = postSolution
		{F012F83F-B7AC-4AE6-B551-8D3C84E00073}.Debug|Any CPU.ActiveCfg = Debug|Any CPU
		{F012F83F-B7AC-4AE6-B551-8D3C84E00073}.Debug|Any CPU.Build.0 = Debug|Any CPU
		{F012F83F-B7AC-4AE6-B551-8D3C84E00073}.Release|Any CPU.ActiveCfg = Release|Any CPU
		{F012F83F-B7AC-4AE6-B551-8D3C84E00073}.Release|Any CPU.Build.0 = Release|Any CPU
	EndGlobalSection
EndGlobal
